
Microsoft Visual Studio Solution File, Format Version 12.00
# Visual Studio 15
VisualStudioVersion = 15.0.28010.2019
MinimumVisualStudioVersion = 10.0.40219.1
Project("{FAE04EC0-301F-11D3-BF4B-00C04F79EFBC}") = "OTR_City", "OTR_City\OTR_City.csproj", "{FF93C30A-0EDE-4D3C-BE21-E7F0F53A5CA4}"
EndProject
Project("{FAE04EC0-301F-11D3-BF4B-00C04F79EFBC}") = "OTR_CityServer", "OTR_CityServer\OTR_CityServer.csproj", "{0F69C0E7-747E-4137-8724-117123325C1A}"
EndProject
Global
	GlobalSection(SolutionConfigurationPlatforms) = preSolution
		Debug|Any CPU = Debug|Any CPU
		Release|Any CPU = Release|Any CPU
	EndGlobalSection
	GlobalSection(ProjectConfigurationPlatforms) = postSolution
		{FF93C30A-0EDE-4D3C-BE21-E7F0F53A5CA4}.Debug|Any CPU.ActiveCfg = Debug|Any CPU
		{FF93C30A-0EDE-4D3C-BE21-E7F0F53A5CA4}.Debug|Any CPU.Build.0 = Debug|Any CPU
		{FF93C30A-0EDE-4D3C-BE21-E7F0F53A5CA4}.Release|Any CPU.ActiveCfg = Release|Any CPU
		{FF93C30A-0EDE-4D3C-BE21-E7F0F53A5CA4}.Release|Any CPU.Build.0 = Release|Any CPU
		{0F69C0E7-747E-4137-8724-117123325C1A}.Debug|Any CPU.ActiveCfg = Debug|Any CPU
		{0F69C0E7-747E-4137-8724-117123325C1A}.Debug|Any CPU.Build.0 = Debug|Any CPU
		{0F69C0E7-747E-4137-8724-117123325C1A}.Release|Any CPU.ActiveCfg = Release|Any CPU
		{0F69C0E7-747E-4137-8724-117123325C1A}.Release|Any CPU.Build.0 = Release|Any CPU
	EndGlobalSection
	GlobalSection(SolutionProperties) = preSolution
		HideSolutionNode = FALSE
	EndGlobalSection
	GlobalSection(ExtensibilityGlobals) = postSolution
		SolutionGuid = {4A7AF283-42A2-4F98-9BC7-0E454C3E2498}
	EndGlobalSection
EndGlobal
